// !$*UTF8*$!
{
	archiveVersion = 1;
	classes = {
	};
	objectVersion = 55;
	objects = {

/* Begin PBXBuildFile section */
		1E1394D227A191D40073E5D9 /* CLLocation+Extension.swift in Sources */ = {isa = PBXBuildFile; fileRef = 1E1394D127A191D30073E5D9 /* CLLocation+Extension.swift */; };
		1E1394D427A1B63B0073E5D9 /* GoogleService-Info.plist in Resources */ = {isa = PBXBuildFile; fileRef = 1E1394D327A1B63B0073E5D9 /* GoogleService-Info.plist */; };
		1E1394D727A1B73C0073E5D9 /* FirebaseCrashlytics in Frameworks */ = {isa = PBXBuildFile; productRef = 1E1394D627A1B73C0073E5D9 /* FirebaseCrashlytics */; };
		1E1394DA27A1B81D0073E5D9 /* GoogleTagManager in Frameworks */ = {isa = PBXBuildFile; productRef = 1E1394D927A1B81D0073E5D9 /* GoogleTagManager */; };
		1E1394DF27A1BA150073E5D9 /* container in Resources */ = {isa = PBXBuildFile; fileRef = 1E1394DE27A1BA150073E5D9 /* container */; };
		1ECB990D27A09BB300E5F2E5 /* GeofenceApp.swift in Sources */ = {isa = PBXBuildFile; fileRef = 1ECB990C27A09BB300E5F2E5 /* GeofenceApp.swift */; };
		1ECB990F27A09BB300E5F2E5 /* ContentView.swift in Sources */ = {isa = PBXBuildFile; fileRef = 1ECB990E27A09BB300E5F2E5 /* ContentView.swift */; };
		1ECB991127A09BB800E5F2E5 /* Assets.xcassets in Resources */ = {isa = PBXBuildFile; fileRef = 1ECB991027A09BB800E5F2E5 /* Assets.xcassets */; };
		1ECB991427A09BB800E5F2E5 /* Preview Assets.xcassets in Resources */ = {isa = PBXBuildFile; fileRef = 1ECB991327A09BB800E5F2E5 /* Preview Assets.xcassets */; };
		1ECB991627A09BB800E5F2E5 /* Persistence.swift in Sources */ = {isa = PBXBuildFile; fileRef = 1ECB991527A09BB800E5F2E5 /* Persistence.swift */; };
		1ECB991927A09BB800E5F2E5 /* Geofence.xcdatamodeld in Sources */ = {isa = PBXBuildFile; fileRef = 1ECB991727A09BB800E5F2E5 /* Geofence.xcdatamodeld */; };
		1ECB992327A09BBA00E5F2E5 /* GeofenceTests.swift in Sources */ = {isa = PBXBuildFile; fileRef = 1ECB992227A09BBA00E5F2E5 /* GeofenceTests.swift */; };
		1ECB992D27A09BBA00E5F2E5 /* GeofenceUITests.swift in Sources */ = {isa = PBXBuildFile; fileRef = 1ECB992C27A09BBA00E5F2E5 /* GeofenceUITests.swift */; };
		1ECB992F27A09BBA00E5F2E5 /* GeofenceUITestsLaunchTests.swift in Sources */ = {isa = PBXBuildFile; fileRef = 1ECB992E27A09BBA00E5F2E5 /* GeofenceUITestsLaunchTests.swift */; };
		1ECB994927A0AEC300E5F2E5 /* LocationViewModel.swift in Sources */ = {isa = PBXBuildFile; fileRef = 1ECB994827A0AEC300E5F2E5 /* LocationViewModel.swift */; };
		1ECB996D27A0FA5100E5F2E5 /* Times Square.gpx in Resources */ = {isa = PBXBuildFile; fileRef = 1ECB996C27A0FA5100E5F2E5 /* Times Square.gpx */; };
		1ECB997027A1051700E5F2E5 /* EventType.swift in Sources */ = {isa = PBXBuildFile; fileRef = 1ECB996F27A1051700E5F2E5 /* EventType.swift */; };
/* End PBXBuildFile section */

/* Begin PBXContainerItemProxy section */
		1ECB991F27A09BBA00E5F2E5 /* PBXContainerItemProxy */ = {
			isa = PBXContainerItemProxy;
			containerPortal = 1ECB990127A09BB300E5F2E5 /* Project object */;
			proxyType = 1;
			remoteGlobalIDString = 1ECB990827A09BB300E5F2E5;
			remoteInfo = Geofence;
		};
		1ECB992927A09BBA00E5F2E5 /* PBXContainerItemProxy */ = {
			isa = PBXContainerItemProxy;
			containerPortal = 1ECB990127A09BB300E5F2E5 /* Project object */;
			proxyType = 1;
			remoteGlobalIDString = 1ECB990827A09BB300E5F2E5;
			remoteInfo = Geofence;
		};
/* End PBXContainerItemProxy section */

/* Begin PBXFileReference section */
		1E1394D127A191D30073E5D9 /* CLLocation+Extension.swift */ = {isa = PBXFileReference; lastKnownFileType = sourcecode.swift; path = "CLLocation+Extension.swift"; sourceTree = "<group>"; };
		1E1394D327A1B63B0073E5D9 /* GoogleService-Info.plist */ = {isa = PBXFileReference; fileEncoding = 4; lastKnownFileType = text.plist.xml; path = "GoogleService-Info.plist"; sourceTree = "<group>"; };
		1E1394DE27A1BA150073E5D9 /* container */ = {isa = PBXFileReference; lastKnownFileType = folder; path = container; sourceTree = "<group>"; };
		1ECB990927A09BB300E5F2E5 /* Geofence.app */ = {isa = PBXFileReference; explicitFileType = wrapper.application; includeInIndex = 0; path = Geofence.app; sourceTree = BUILT_PRODUCTS_DIR; };
		1ECB990C27A09BB300E5F2E5 /* GeofenceApp.swift */ = {isa = PBXFileReference; lastKnownFileType = sourcecode.swift; path = GeofenceApp.swift; sourceTree = "<group>"; };
		1ECB990E27A09BB300E5F2E5 /* ContentView.swift */ = {isa = PBXFileReference; lastKnownFileType = sourcecode.swift; path = ContentView.swift; sourceTree = "<group>"; };
		1ECB991027A09BB800E5F2E5 /* Assets.xcassets */ = {isa = PBXFileReference; lastKnownFileType = folder.assetcatalog; path = Assets.xcassets; sourceTree = "<group>"; };
		1ECB991327A09BB800E5F2E5 /* Preview Assets.xcassets */ = {isa = PBXFileReference; lastKnownFileType = folder.assetcatalog; path = "Preview Assets.xcassets"; sourceTree = "<group>"; };
		1ECB991527A09BB800E5F2E5 /* Persistence.swift */ = {isa = PBXFileReference; lastKnownFileType = sourcecode.swift; path = Persistence.swift; sourceTree = "<group>"; };
		1ECB991827A09BB800E5F2E5 /* Geofence.xcdatamodel */ = {isa = PBXFileReference; lastKnownFileType = wrapper.xcdatamodel; path = Geofence.xcdatamodel; sourceTree = "<group>"; };
		1ECB991E27A09BBA00E5F2E5 /* GeofenceTests.xctest */ = {isa = PBXFileReference; explicitFileType = wrapper.cfbundle; includeInIndex = 0; path = GeofenceTests.xctest; sourceTree = BUILT_PRODUCTS_DIR; };
		1ECB992227A09BBA00E5F2E5 /* GeofenceTests.swift */ = {isa = PBXFileReference; lastKnownFileType = sourcecode.swift; path = GeofenceTests.swift; sourceTree = "<group>"; };
		1ECB992827A09BBA00E5F2E5 /* GeofenceUITests.xctest */ = {isa = PBXFileReference; explicitFileType = wrapper.cfbundle; includeInIndex = 0; path = GeofenceUITests.xctest; sourceTree = BUILT_PRODUCTS_DIR; };
		1ECB992C27A09BBA00E5F2E5 /* GeofenceUITests.swift */ = {isa = PBXFileReference; lastKnownFileType = sourcecode.swift; path = GeofenceUITests.swift; sourceTree = "<group>"; };
		1ECB992E27A09BBA00E5F2E5 /* GeofenceUITestsLaunchTests.swift */ = {isa = PBXFileReference; lastKnownFileType = sourcecode.swift; path = GeofenceUITestsLaunchTests.swift; sourceTree = "<group>"; };
		1ECB994827A0AEC300E5F2E5 /* LocationViewModel.swift */ = {isa = PBXFileReference; lastKnownFileType = sourcecode.swift; path = LocationViewModel.swift; sourceTree = "<group>"; };
		1ECB996C27A0FA5100E5F2E5 /* Times Square.gpx */ = {isa = PBXFileReference; fileEncoding = 4; lastKnownFileType = text.xml; path = "Times Square.gpx"; sourceTree = "<group>"; };
		1ECB996F27A1051700E5F2E5 /* EventType.swift */ = {isa = PBXFileReference; lastKnownFileType = sourcecode.swift; path = EventType.swift; sourceTree = "<group>"; };
/* End PBXFileReference section */

/* Begin PBXFrameworksBuildPhase section */
		1ECB990627A09BB300E5F2E5 /* Frameworks */ = {
			isa = PBXFrameworksBuildPhase;
			buildActionMask = 2147483647;
			files = (
				1E1394DA27A1B81D0073E5D9 /* GoogleTagManager in Frameworks */,
				1E1394D727A1B73C0073E5D9 /* FirebaseCrashlytics in Frameworks */,
			);
			runOnlyForDeploymentPostprocessing = 0;
		};
		1ECB991B27A09BBA00E5F2E5 /* Frameworks */ = {
			isa = PBXFrameworksBuildPhase;
			buildActionMask = 2147483647;
			files = (
			);
			runOnlyForDeploymentPostprocessing = 0;
		};
		1ECB992527A09BBA00E5F2E5 /* Frameworks */ = {
			isa = PBXFrameworksBuildPhase;
			buildActionMask = 2147483647;
			files = (
			);
			runOnlyForDeploymentPostprocessing = 0;
		};
/* End PBXFrameworksBuildPhase section */

/* Begin PBXGroup section */
		1ECB990027A09BB300E5F2E5 = {
			isa = PBXGroup;
			children = (
				1E1394DE27A1BA150073E5D9 /* container */,
				1ECB990B27A09BB300E5F2E5 /* Geofence */,
				1ECB992127A09BBA00E5F2E5 /* GeofenceTests */,
				1ECB992B27A09BBA00E5F2E5 /* GeofenceUITests */,
				1ECB990A27A09BB300E5F2E5 /* Products */,
			);
			sourceTree = "<group>";
		};
		1ECB990A27A09BB300E5F2E5 /* Products */ = {
			isa = PBXGroup;
			children = (
				1ECB990927A09BB300E5F2E5 /* Geofence.app */,
				1ECB991E27A09BBA00E5F2E5 /* GeofenceTests.xctest */,
				1ECB992827A09BBA00E5F2E5 /* GeofenceUITests.xctest */,
			);
			name = Products;
			sourceTree = "<group>";
		};
		1ECB990B27A09BB300E5F2E5 /* Geofence */ = {
			isa = PBXGroup;
			children = (
				1E1394D327A1B63B0073E5D9 /* GoogleService-Info.plist */,
				1ECB996C27A0FA5100E5F2E5 /* Times Square.gpx */,
				1ECB996E27A1050000E5F2E5 /* Model */,
				1ECB994727A0AEB200E5F2E5 /* Util */,
				1ECB993D27A09D9900E5F2E5 /* ViewModel */,
				1ECB993C27A09D7400E5F2E5 /* View */,
				1ECB990C27A09BB300E5F2E5 /* GeofenceApp.swift */,
				1ECB991027A09BB800E5F2E5 /* Assets.xcassets */,
				1ECB991227A09BB800E5F2E5 /* Preview Content */,
			);
			path = Geofence;
			sourceTree = "<group>";
		};
		1ECB991227A09BB800E5F2E5 /* Preview Content */ = {
			isa = PBXGroup;
			children = (
				1ECB991327A09BB800E5F2E5 /* Preview Assets.xcassets */,
			);
			path = "Preview Content";
			sourceTree = "<group>";
		};
		1ECB992127A09BBA00E5F2E5 /* GeofenceTests */ = {
			isa = PBXGroup;
			children = (
				1ECB992227A09BBA00E5F2E5 /* GeofenceTests.swift */,
			);
			path = GeofenceTests;
			sourceTree = "<group>";
		};
		1ECB992B27A09BBA00E5F2E5 /* GeofenceUITests */ = {
			isa = PBXGroup;
			children = (
				1ECB992C27A09BBA00E5F2E5 /* GeofenceUITests.swift */,
				1ECB992E27A09BBA00E5F2E5 /* GeofenceUITestsLaunchTests.swift */,
			);
			path = GeofenceUITests;
			sourceTree = "<group>";
		};
		1ECB993C27A09D7400E5F2E5 /* View */ = {
			isa = PBXGroup;
			children = (
				1ECB990E27A09BB300E5F2E5 /* ContentView.swift */,
			);
			path = View;
			sourceTree = "<group>";
		};
		1ECB993D27A09D9900E5F2E5 /* ViewModel */ = {
			isa = PBXGroup;
			children = (
				1ECB994827A0AEC300E5F2E5 /* LocationViewModel.swift */,
			);
			path = ViewModel;
			sourceTree = "<group>";
		};
		1ECB994727A0AEB200E5F2E5 /* Util */ = {
			isa = PBXGroup;
			children = (
				1E1394D127A191D30073E5D9 /* CLLocation+Extension.swift */,
			);
			path = Util;
			sourceTree = "<group>";
		};
		1ECB996E27A1050000E5F2E5 /* Model */ = {
			isa = PBXGroup;
			children = (
				1ECB991727A09BB800E5F2E5 /* Geofence.xcdatamodeld */,
				1ECB991527A09BB800E5F2E5 /* Persistence.swift */,
				1ECB996F27A1051700E5F2E5 /* EventType.swift */,
			);
			path = Model;
			sourceTree = "<group>";
		};
/* End PBXGroup section */

/* Begin PBXNativeTarget section */
		1ECB990827A09BB300E5F2E5 /* Geofence */ = {
			isa = PBXNativeTarget;
			buildConfigurationList = 1ECB993227A09BBA00E5F2E5 /* Build configuration list for PBXNativeTarget "Geofence" */;
			buildPhases = (
				1ECB990527A09BB300E5F2E5 /* Sources */,
				1ECB990627A09BB300E5F2E5 /* Frameworks */,
				1ECB990727A09BB300E5F2E5 /* Resources */,
			);
			buildRules = (
			);
			dependencies = (
			);
			name = Geofence;
			packageProductDependencies = (
				1E1394D627A1B73C0073E5D9 /* FirebaseCrashlytics */,
				1E1394D927A1B81D0073E5D9 /* GoogleTagManager */,
			);
			productName = Geofence;
			productReference = 1ECB990927A09BB300E5F2E5 /* Geofence.app */;
			productType = "com.apple.product-type.application";
		};
		1ECB991D27A09BBA00E5F2E5 /* GeofenceTests */ = {
			isa = PBXNativeTarget;
			buildConfigurationList = 1ECB993527A09BBA00E5F2E5 /* Build configuration list for PBXNativeTarget "GeofenceTests" */;
			buildPhases = (
				1ECB991A27A09BBA00E5F2E5 /* Sources */,
				1ECB991B27A09BBA00E5F2E5 /* Frameworks */,
				1ECB991C27A09BBA00E5F2E5 /* Resources */,
			);
			buildRules = (
			);
			dependencies = (
				1ECB992027A09BBA00E5F2E5 /* PBXTargetDependency */,
			);
			name = GeofenceTests;
			productName = GeofenceTests;
			productReference = 1ECB991E27A09BBA00E5F2E5 /* GeofenceTests.xctest */;
			productType = "com.apple.product-type.bundle.unit-test";
		};
		1ECB992727A09BBA00E5F2E5 /* GeofenceUITests */ = {
			isa = PBXNativeTarget;
			buildConfigurationList = 1ECB993827A09BBA00E5F2E5 /* Build configuration list for PBXNativeTarget "GeofenceUITests" */;
			buildPhases = (
				1ECB992427A09BBA00E5F2E5 /* Sources */,
				1ECB992527A09BBA00E5F2E5 /* Frameworks */,
				1ECB992627A09BBA00E5F2E5 /* Resources */,
			);
			buildRules = (
			);
			dependencies = (
				1ECB992A27A09BBA00E5F2E5 /* PBXTargetDependency */,
			);
			name = GeofenceUITests;
			productName = GeofenceUITests;
			productReference = 1ECB992827A09BBA00E5F2E5 /* GeofenceUITests.xctest */;
			productType = "com.apple.product-type.bundle.ui-testing";
		};
/* End PBXNativeTarget section */

/* Begin PBXProject section */
		1ECB990127A09BB300E5F2E5 /* Project object */ = {
			isa = PBXProject;
			attributes = {
				BuildIndependentTargetsInParallel = 1;
				LastSwiftUpdateCheck = 1310;
				LastUpgradeCheck = 1310;
				TargetAttributes = {
					1ECB990827A09BB300E5F2E5 = {
						CreatedOnToolsVersion = 13.1;
					};
					1ECB991D27A09BBA00E5F2E5 = {
						CreatedOnToolsVersion = 13.1;
						TestTargetID = 1ECB990827A09BB300E5F2E5;
					};
					1ECB992727A09BBA00E5F2E5 = {
						CreatedOnToolsVersion = 13.1;
						TestTargetID = 1ECB990827A09BB300E5F2E5;
					};
				};
			};
			buildConfigurationList = 1ECB990427A09BB300E5F2E5 /* Build configuration list for PBXProject "Geofence" */;
			compatibilityVersion = "Xcode 13.0";
			developmentRegion = en;
			hasScannedForEncodings = 0;
			knownRegions = (
				en,
				Base,
			);
			mainGroup = 1ECB990027A09BB300E5F2E5;
			packageReferences = (
				1E1394D527A1B73C0073E5D9 /* XCRemoteSwiftPackageReference "firebase-ios-sdk" */,
				1E1394D827A1B81D0073E5D9 /* XCRemoteSwiftPackageReference "google-tag-manager-ios-sdk" */,
			);
			productRefGroup = 1ECB990A27A09BB300E5F2E5 /* Products */;
			projectDirPath = "";
			projectRoot = "";
			targets = (
				1ECB990827A09BB300E5F2E5 /* Geofence */,
				1ECB991D27A09BBA00E5F2E5 /* GeofenceTests */,
				1ECB992727A09BBA00E5F2E5 /* GeofenceUITests */,
			);
		};
/* End PBXProject section */

/* Begin PBXResourcesBuildPhase section */
		1ECB990727A09BB300E5F2E5 /* Resources */ = {
			isa = PBXResourcesBuildPhase;
			buildActionMask = 2147483647;
			files = (
				1E1394D427A1B63B0073E5D9 /* GoogleService-Info.plist in Resources */,
				1ECB991427A09BB800E5F2E5 /* Preview Assets.xcassets in Resources */,
				1E1394DF27A1BA150073E5D9 /* container in Resources */,
				1ECB991127A09BB800E5F2E5 /* Assets.xcassets in Resources */,
				1ECB996D27A0FA5100E5F2E5 /* Times Square.gpx in Resources */,
			);
			runOnlyForDeploymentPostprocessing = 0;
		};
		1ECB991C27A09BBA00E5F2E5 /* Resources */ = {
			isa = PBXResourcesBuildPhase;
			buildActionMask = 2147483647;
			files = (
			);
			runOnlyForDeploymentPostprocessing = 0;
		};
		1ECB992627A09BBA00E5F2E5 /* Resources */ = {
			isa = PBXResourcesBuildPhase;
			buildActionMask = 2147483647;
			files = (
			);
			runOnlyForDeploymentPostprocessing = 0;
		};
/* End PBXResourcesBuildPhase section */

/* Begin PBXSourcesBuildPhase section */
		1ECB990527A09BB300E5F2E5 /* Sources */ = {
			isa = PBXSourcesBuildPhase;
			buildActionMask = 2147483647;
			files = (
				1ECB991627A09BB800E5F2E5 /* Persistence.swift in Sources */,
				1ECB991927A09BB800E5F2E5 /* Geofence.xcdatamodeld in Sources */,
				1ECB990F27A09BB300E5F2E5 /* ContentView.swift in Sources */,
				1ECB990D27A09BB300E5F2E5 /* GeofenceApp.swift in Sources */,
				1E1394D227A191D40073E5D9 /* CLLocation+Extension.swift in Sources */,
				1ECB997027A1051700E5F2E5 /* EventType.swift in Sources */,
				1ECB994927A0AEC300E5F2E5 /* LocationViewModel.swift in Sources */,
			);
			runOnlyForDeploymentPostprocessing = 0;
		};
		1ECB991A27A09BBA00E5F2E5 /* Sources */ = {
			isa = PBXSourcesBuildPhase;
			buildActionMask = 2147483647;
			files = (
				1ECB992327A09BBA00E5F2E5 /* GeofenceTests.swift in Sources */,
			);
			runOnlyForDeploymentPostprocessing = 0;
		};
		1ECB992427A09BBA00E5F2E5 /* Sources */ = {
			isa = PBXSourcesBuildPhase;
			buildActionMask = 2147483647;
			files = (
				1ECB992F27A09BBA00E5F2E5 /* GeofenceUITestsLaunchTests.swift in Sources */,
				1ECB992D27A09BBA00E5F2E5 /* GeofenceUITests.swift in Sources */,
			);
			runOnlyForDeploymentPostprocessing = 0;
		};
/* End PBXSourcesBuildPhase section */

/* Begin PBXTargetDependency section */
		1ECB992027A09BBA00E5F2E5 /* PBXTargetDependency */ = {
			isa = PBXTargetDependency;
			target = 1ECB990827A09BB300E5F2E5 /* Geofence */;
			targetProxy = 1ECB991F27A09BBA00E5F2E5 /* PBXContainerItemProxy */;
		};
		1ECB992A27A09BBA00E5F2E5 /* PBXTargetDependency */ = {
			isa = PBXTargetDependency;
			target = 1ECB990827A09BB300E5F2E5 /* Geofence */;
			targetProxy = 1ECB992927A09BBA00E5F2E5 /* PBXContainerItemProxy */;
		};
/* End PBXTargetDependency section */

/* Begin XCBuildConfiguration section */
		1ECB993027A09BBA00E5F2E5 /* Debug */ = {
			isa = XCBuildConfiguration;
			buildSettings = {
				ALWAYS_SEARCH_USER_PATHS = NO;
				CLANG_ANALYZER_NONNULL = YES;
				CLANG_ANALYZER_NUMBER_OBJECT_CONVERSION = YES_AGGRESSIVE;
				CLANG_CXX_LANGUAGE_STANDARD = "gnu++17";
				CLANG_CXX_LIBRARY = "libc++";
				CLANG_ENABLE_MODULES = YES;
				CLANG_ENABLE_OBJC_ARC = YES;
				CLANG_ENABLE_OBJC_WEAK = YES;
				CLANG_WARN_BLOCK_CAPTURE_AUTORELEASING = YES;
				CLANG_WARN_BOOL_CONVERSION = YES;
				CLANG_WARN_COMMA = YES;
				CLANG_WARN_CONSTANT_CONVERSION = YES;
				CLANG_WARN_DEPRECATED_OBJC_IMPLEMENTATIONS = YES;
				CLANG_WARN_DIRECT_OBJC_ISA_USAGE = YES_ERROR;
				CLANG_WARN_DOCUMENTATION_COMMENTS = YES;
				CLANG_WARN_EMPTY_BODY = YES;
				CLANG_WARN_ENUM_CONVERSION = YES;
				CLANG_WARN_INFINITE_RECURSION = YES;
				CLANG_WARN_INT_CONVERSION = YES;
				CLANG_WARN_NON_LITERAL_NULL_CONVERSION = YES;
				CLANG_WARN_OBJC_IMPLICIT_RETAIN_SELF = YES;
				CLANG_WARN_OBJC_LITERAL_CONVERSION = YES;
				CLANG_WARN_OBJC_ROOT_CLASS = YES_ERROR;
				CLANG_WARN_QUOTED_INCLUDE_IN_FRAMEWORK_HEADER = YES;
				CLANG_WARN_RANGE_LOOP_ANALYSIS = YES;
				CLANG_WARN_STRICT_PROTOTYPES = YES;
				CLANG_WARN_SUSPICIOUS_MOVE = YES;
				CLANG_WARN_UNGUARDED_AVAILABILITY = YES_AGGRESSIVE;
				CLANG_WARN_UNREACHABLE_CODE = YES;
				CLANG_WARN__DUPLICATE_METHOD_MATCH = YES;
				COPY_PHASE_STRIP = NO;
				DEBUG_INFORMATION_FORMAT = dwarf;
				ENABLE_STRICT_OBJC_MSGSEND = YES;
				ENABLE_TESTABILITY = YES;
				GCC_C_LANGUAGE_STANDARD = gnu11;
				GCC_DYNAMIC_NO_PIC = NO;
				GCC_NO_COMMON_BLOCKS = YES;
				GCC_OPTIMIZATION_LEVEL = 0;
				GCC_PREPROCESSOR_DEFINITIONS = (
					"DEBUG=1",
					"$(inherited)",
				);
				GCC_WARN_64_TO_32_BIT_CONVERSION = YES;
				GCC_WARN_ABOUT_RETURN_TYPE = YES_ERROR;
				GCC_WARN_UNDECLARED_SELECTOR = YES;
				GCC_WARN_UNINITIALIZED_AUTOS = YES_AGGRESSIVE;
				GCC_WARN_UNUSED_FUNCTION = YES;
				GCC_WARN_UNUSED_VARIABLE = YES;
				IPHONEOS_DEPLOYMENT_TARGET = 15.0;
				MTL_ENABLE_DEBUG_INFO = INCLUDE_SOURCE;
				MTL_FAST_MATH = YES;
				ONLY_ACTIVE_ARCH = YES;
				SDKROOT = iphoneos;
				SWIFT_ACTIVE_COMPILATION_CONDITIONS = DEBUG;
				SWIFT_OPTIMIZATION_LEVEL = "-Onone";
			};
			name = Debug;
		};
		1ECB993127A09BBA00E5F2E5 /* Release */ = {
			isa = XCBuildConfiguration;
			buildSettings = {
				ALWAYS_SEARCH_USER_PATHS = NO;
				CLANG_ANALYZER_NONNULL = YES;
				CLANG_ANALYZER_NUMBER_OBJECT_CONVERSION = YES_AGGRESSIVE;
				CLANG_CXX_LANGUAGE_STANDARD = "gnu++17";
				CLANG_CXX_LIBRARY = "libc++";
				CLANG_ENABLE_MODULES = YES;
				CLANG_ENABLE_OBJC_ARC = YES;
				CLANG_ENABLE_OBJC_WEAK = YES;
				CLANG_WARN_BLOCK_CAPTURE_AUTORELEASING = YES;
				CLANG_WARN_BOOL_CONVERSION = YES;
				CLANG_WARN_COMMA = YES;
				CLANG_WARN_CONSTANT_CONVERSION = YES;
				CLANG_WARN_DEPRECATED_OBJC_IMPLEMENTATIONS = YES;
				CLANG_WARN_DIRECT_OBJC_ISA_USAGE = YES_ERROR;
				CLANG_WARN_DOCUMENTATION_COMMENTS = YES;
				CLANG_WARN_EMPTY_BODY = YES;
				CLANG_WARN_ENUM_CONVERSION = YES;
				CLANG_WARN_INFINITE_RECURSION = YES;
				CLANG_WARN_INT_CONVERSION = YES;
				CLANG_WARN_NON_LITERAL_NULL_CONVERSION = YES;
				CLANG_WARN_OBJC_IMPLICIT_RETAIN_SELF = YES;
				CLANG_WARN_OBJC_LITERAL_CONVERSION = YES;
				CLANG_WARN_OBJC_ROOT_CLASS = YES_ERROR;
				CLANG_WARN_QUOTED_INCLUDE_IN_FRAMEWORK_HEADER = YES;
				CLANG_WARN_RANGE_LOOP_ANALYSIS = YES;
				CLANG_WARN_STRICT_PROTOTYPES = YES;
				CLANG_WARN_SUSPICIOUS_MOVE = YES;
				CLANG_WARN_UNGUARDED_AVAILABILITY = YES_AGGRESSIVE;
				CLANG_WARN_UNREACHABLE_CODE = YES;
				CLANG_WARN__DUPLICATE_METHOD_MATCH = YES;
				COPY_PHASE_STRIP = NO;
				DEBUG_INFORMATION_FORMAT = "dwarf-with-dsym";
				ENABLE_NS_ASSERTIONS = NO;
				ENABLE_STRICT_OBJC_MSGSEND = YES;
				GCC_C_LANGUAGE_STANDARD = gnu11;
				GCC_NO_COMMON_BLOCKS = YES;
				GCC_WARN_64_TO_32_BIT_CONVERSION = YES;
				GCC_WARN_ABOUT_RETURN_TYPE = YES_ERROR;
				GCC_WARN_UNDECLARED_SELECTOR = YES;
				GCC_WARN_UNINITIALIZED_AUTOS = YES_AGGRESSIVE;
				GCC_WARN_UNUSED_FUNCTION = YES;
				GCC_WARN_UNUSED_VARIABLE = YES;
				IPHONEOS_DEPLOYMENT_TARGET = 15.0;
				MTL_ENABLE_DEBUG_INFO = NO;
				MTL_FAST_MATH = YES;
				SDKROOT = iphoneos;
				SWIFT_COMPILATION_MODE = wholemodule;
				SWIFT_OPTIMIZATION_LEVEL = "-O";
				VALIDATE_PRODUCT = YES;
			};
			name = Release;
		};
		1ECB993327A09BBA00E5F2E5 /* Debug */ = {
			isa = XCBuildConfiguration;
			buildSettings = {
				ASSETCATALOG_COMPILER_APPICON_NAME = AppIcon;
				ASSETCATALOG_COMPILER_GLOBAL_ACCENT_COLOR_NAME = AccentColor;
				CODE_SIGN_STYLE = Automatic;
				CURRENT_PROJECT_VERSION = 1;
				DEVELOPMENT_ASSET_PATHS = "\"Geofence/Preview Content\"";
				DEVELOPMENT_TEAM = C78L7HXVH2;
				ENABLE_PREVIEWS = YES;
				GENERATE_INFOPLIST_FILE = YES;
				INFOPLIST_KEY_NSLocationAlwaysAndWhenInUseUsageDescription = "Privacy - Location When In Use Usage";
				INFOPLIST_KEY_NSLocationWhenInUseUsageDescription = "Privacy - Location When In Use Usage";
				INFOPLIST_KEY_UIApplicationSceneManifest_Generation = YES;
				INFOPLIST_KEY_UIApplicationSupportsIndirectInputEvents = YES;
				INFOPLIST_KEY_UILaunchScreen_Generation = YES;
				INFOPLIST_KEY_UISupportedInterfaceOrientations_iPad = "UIInterfaceOrientationPortrait UIInterfaceOrientationPortraitUpsideDown UIInterfaceOrientationLandscapeLeft UIInterfaceOrientationLandscapeRight";
				INFOPLIST_KEY_UISupportedInterfaceOrientations_iPhone = "UIInterfaceOrientationPortrait UIInterfaceOrientationLandscapeLeft UIInterfaceOrientationLandscapeRight";
				LD_RUNPATH_SEARCH_PATHS = (
					"$(inherited)",
					"@executable_path/Frameworks",
				);
				MARKETING_VERSION = 1.0;
				"OTHER_LDFLAGS[arch=*]" = "-ObjC";
				PRODUCT_BUNDLE_IDENTIFIER = com.upstart13.Geofence;
				PRODUCT_NAME = "$(TARGET_NAME)";
				SWIFT_EMIT_LOC_STRINGS = YES;
				SWIFT_VERSION = 5.0;
				TARGETED_DEVICE_FAMILY = "1,2";
			};
			name = Debug;
		};
		1ECB993427A09BBA00E5F2E5 /* Release */ = {
			isa = XCBuildConfiguration;
			buildSettings = {
				ASSETCATALOG_COMPILER_APPICON_NAME = AppIcon;
				ASSETCATALOG_COMPILER_GLOBAL_ACCENT_COLOR_NAME = AccentColor;
				CODE_SIGN_STYLE = Automatic;
				CURRENT_PROJECT_VERSION = 1;
				DEVELOPMENT_ASSET_PATHS = "\"Geofence/Preview Content\"";
				DEVELOPMENT_TEAM = C78L7HXVH2;
				ENABLE_PREVIEWS = YES;
				GENERATE_INFOPLIST_FILE = YES;
				INFOPLIST_KEY_NSLocationAlwaysAndWhenInUseUsageDescription = "Privacy - Location When In Use Usage";
				INFOPLIST_KEY_NSLocationWhenInUseUsageDescription = "Privacy - Location When In Use Usage";
				INFOPLIST_KEY_UIApplicationSceneManifest_Generation = YES;
				INFOPLIST_KEY_UIApplicationSupportsIndirectInputEvents = YES;
				INFOPLIST_KEY_UILaunchScreen_Generation = YES;
				INFOPLIST_KEY_UISupportedInterfaceOrientations_iPad = "UIInterfaceOrientationPortrait UIInterfaceOrientationPortraitUpsideDown UIInterfaceOrientationLandscapeLeft UIInterfaceOrientationLandscapeRight";
				INFOPLIST_KEY_UISupportedInterfaceOrientations_iPhone = "UIInterfaceOrientationPortrait UIInterfaceOrientationLandscapeLeft UIInterfaceOrientationLandscapeRight";
				LD_RUNPATH_SEARCH_PATHS = (
					"$(inherited)",
					"@executable_path/Frameworks",
				);
				MARKETING_VERSION = 1.0;
				"OTHER_LDFLAGS[arch=*]" = "-ObjC";
				PRODUCT_BUNDLE_IDENTIFIER = com.upstart13.Geofence;
				PRODUCT_NAME = "$(TARGET_NAME)";
				SWIFT_EMIT_LOC_STRINGS = YES;
				SWIFT_VERSION = 5.0;
				TARGETED_DEVICE_FAMILY = "1,2";
			};
			name = Release;
		};
		1ECB993627A09BBA00E5F2E5 /* Debug */ = {
			isa = XCBuildConfiguration;
			buildSettings = {
				ALWAYS_EMBED_SWIFT_STANDARD_LIBRARIES = YES;
				BUNDLE_LOADER = "$(TEST_HOST)";
				CODE_SIGN_STYLE = Automatic;
				CURRENT_PROJECT_VERSION = 1;
				DEVELOPMENT_TEAM = C78L7HXVH2;
				GENERATE_INFOPLIST_FILE = YES;
				IPHONEOS_DEPLOYMENT_TARGET = 15.0;
				LD_RUNPATH_SEARCH_PATHS = (
					"$(inherited)",
					"@executable_path/Frameworks",
					"@loader_path/Frameworks",
				);
				MARKETING_VERSION = 1.0;
				PRODUCT_BUNDLE_IDENTIFIER = com.upstart13.GeofenceTests;
				PRODUCT_NAME = "$(TARGET_NAME)";
				SWIFT_EMIT_LOC_STRINGS = NO;
				SWIFT_VERSION = 5.0;
				TARGETED_DEVICE_FAMILY = "1,2";
				TEST_HOST = "$(BUILT_PRODUCTS_DIR)/Geofence.app/Geofence";
			};
			name = Debug;
		};
		1ECB993727A09BBA00E5F2E5 /* Release */ = {
			isa = XCBuildConfiguration;
			buildSettings = {
				ALWAYS_EMBED_SWIFT_STANDARD_LIBRARIES = YES;
				BUNDLE_LOADER = "$(TEST_HOST)";
				CODE_SIGN_STYLE = Automatic;
				CURRENT_PROJECT_VERSION = 1;
				DEVELOPMENT_TEAM = C78L7HXVH2;
				GENERATE_INFOPLIST_FILE = YES;
				IPHONEOS_DEPLOYMENT_TARGET = 15.0;
				LD_RUNPATH_SEARCH_PATHS = (
					"$(inherited)",
					"@executable_path/Frameworks",
					"@loader_path/Frameworks",
				);
				MARKETING_VERSION = 1.0;
				PRODUCT_BUNDLE_IDENTIFIER = com.upstart13.GeofenceTests;
				PRODUCT_NAME = "$(TARGET_NAME)";
				SWIFT_EMIT_LOC_STRINGS = NO;
				SWIFT_VERSION = 5.0;
				TARGETED_DEVICE_FAMILY = "1,2";
				TEST_HOST = "$(BUILT_PRODUCTS_DIR)/Geofence.app/Geofence";
			};
			name = Release;
		};
		1ECB993927A09BBA00E5F2E5 /* Debug */ = {
			isa = XCBuildConfiguration;
			buildSettings = {
				ALWAYS_EMBED_SWIFT_STANDARD_LIBRARIES = YES;
				CODE_SIGN_STYLE = Automatic;
				CURRENT_PROJECT_VERSION = 1;
				DEVELOPMENT_TEAM = C78L7HXVH2;
				GENERATE_INFOPLIST_FILE = YES;
				LD_RUNPATH_SEARCH_PATHS = (
					"$(inherited)",
					"@executable_path/Frameworks",
					"@loader_path/Frameworks",
				);
				MARKETING_VERSION = 1.0;
				PRODUCT_BUNDLE_IDENTIFIER = com.upstart13.GeofenceUITests;
				PRODUCT_NAME = "$(TARGET_NAME)";
				SWIFT_EMIT_LOC_STRINGS = NO;
				SWIFT_VERSION = 5.0;
				TARGETED_DEVICE_FAMILY = "1,2";
				TEST_TARGET_NAME = Geofence;
			};
			name = Debug;
		};
		1ECB993A27A09BBA00E5F2E5 /* Release */ = {
			isa = XCBuildConfiguration;
			buildSettings = {
				ALWAYS_EMBED_SWIFT_STANDARD_LIBRARIES = YES;
				CODE_SIGN_STYLE = Automatic;
				CURRENT_PROJECT_VERSION = 1;
				DEVELOPMENT_TEAM = C78L7HXVH2;
				GENERATE_INFOPLIST_FILE = YES;
				LD_RUNPATH_SEARCH_PATHS = (
					"$(inherited)",
					"@executable_path/Frameworks",
					"@loader_path/Frameworks",
				);
				MARKETING_VERSION = 1.0;
				PRODUCT_BUNDLE_IDENTIFIER = com.upstart13.GeofenceUITests;
				PRODUCT_NAME = "$(TARGET_NAME)";
				SWIFT_EMIT_LOC_STRINGS = NO;
				SWIFT_VERSION = 5.0;
				TARGETED_DEVICE_FAMILY = "1,2";
				TEST_TARGET_NAME = Geofence;
			};
			name = Release;
		};
/* End XCBuildConfiguration section */

/* Begin XCConfigurationList section */
		1ECB990427A09BB300E5F2E5 /* Build configuration list for PBXProject "Geofence" */ = {
			isa = XCConfigurationList;
			buildConfigurations = (
				1ECB993027A09BBA00E5F2E5 /* Debug */,
				1ECB993127A09BBA00E5F2E5 /* Release */,
			);
			defaultConfigurationIsVisible = 0;
			defaultConfigurationName = Release;
		};
		1ECB993227A09BBA00E5F2E5 /* Build configuration list for PBXNativeTarget "Geofence" */ = {
			isa = XCConfigurationList;
			buildConfigurations = (
				1ECB993327A09BBA00E5F2E5 /* Debug */,
				1ECB993427A09BBA00E5F2E5 /* Release */,
			);
			defaultConfigurationIsVisible = 0;
			defaultConfigurationName = Release;
		};
		1ECB993527A09BBA00E5F2E5 /* Build configuration list for PBXNativeTarget "GeofenceTests" */ = {
			isa = XCConfigurationList;
			buildConfigurations = (
				1ECB993627A09BBA00E5F2E5 /* Debug */,
				1ECB993727A09BBA00E5F2E5 /* Release */,
			);
			defaultConfigurationIsVisible = 0;
			defaultConfigurationName = Release;
		};
		1ECB993827A09BBA00E5F2E5 /* Build configuration list for PBXNativeTarget "GeofenceUITests" */ = {
			isa = XCConfigurationList;
			buildConfigurations = (
				1ECB993927A09BBA00E5F2E5 /* Debug */,
				1ECB993A27A09BBA00E5F2E5 /* Release */,
			);
			defaultConfigurationIsVisible = 0;
			defaultConfigurationName = Release;
		};
/* End XCConfigurationList section */

/* Begin XCRemoteSwiftPackageReference section */
		1E1394D527A1B73C0073E5D9 /* XCRemoteSwiftPackageReference "firebase-ios-sdk" */ = {
			isa = XCRemoteSwiftPackageReference;
			repositoryURL = "https://github.com/firebase/firebase-ios-sdk";
			requirement = {
				branch = master;
				kind = branch;
			};
		};
		1E1394D827A1B81D0073E5D9 /* XCRemoteSwiftPackageReference "google-tag-manager-ios-sdk" */ = {
			isa = XCRemoteSwiftPackageReference;
			repositoryURL = "https://github.com/googleanalytics/google-tag-manager-ios-sdk.git";
			requirement = {
				kind = upToNextMajorVersion;
				minimumVersion = 7.0.0;
			};
		};
/* End XCRemoteSwiftPackageReference section */

/* Begin XCSwiftPackageProductDependency section */
		1E1394D627A1B73C0073E5D9 /* FirebaseCrashlytics */ = {
			isa = XCSwiftPackageProductDependency;
			package = 1E1394D527A1B73C0073E5D9 /* XCRemoteSwiftPackageReference "firebase-ios-sdk" */;
			productName = FirebaseCrashlytics;
		};
		1E1394D927A1B81D0073E5D9 /* GoogleTagManager */ = {
			isa = XCSwiftPackageProductDependency;
			package = 1E1394D827A1B81D0073E5D9 /* XCRemoteSwiftPackageReference "google-tag-manager-ios-sdk" */;
			productName = GoogleTagManager;
		};
/* End XCSwiftPackageProductDependency section */

/* Begin XCVersionGroup section */
		1ECB991727A09BB800E5F2E5 /* Geofence.xcdatamodeld */ = {
			isa = XCVersionGroup;
			children = (
				1ECB991827A09BB800E5F2E5 /* Geofence.xcdatamodel */,
			);
			currentVersion = 1ECB991827A09BB800E5F2E5 /* Geofence.xcdatamodel */;
			path = Geofence.xcdatamodeld;
			sourceTree = "<group>";
			versionGroupType = wrapper.xcdatamodel;
		};
/* End XCVersionGroup section */
	};
	rootObject = 1ECB990127A09BB300E5F2E5 /* Project object */;
}
